// !$*UTF8*$!
{
	archiveVersion = 1;
	classes = {
	};
	objectVersion = 48;
	objects = {

/* Begin PBXBuildFile section */
		EC2870E2201E437E00702624 /* Layoutless.h in Headers */ = {isa = PBXBuildFile; fileRef = EC2870E0201E437E00702624 /* Layoutless.h */; settings = {ATTRIBUTES = (Public, ); }; };
		EC2870EA201E43C900702624 /* Length.swift in Sources */ = {isa = PBXBuildFile; fileRef = EC2870E9201E43C900702624 /* Length.swift */; };
		EC2870EC201E444700702624 /* Anchorable.swift in Sources */ = {isa = PBXBuildFile; fileRef = EC2870EB201E444700702624 /* Anchorable.swift */; };
		EC2870EE201E446900702624 /* LayoutProtocol.swift in Sources */ = {isa = PBXBuildFile; fileRef = EC2870ED201E446900702624 /* LayoutProtocol.swift */; };
		EC2870F0201E448100702624 /* Layout.swift in Sources */ = {isa = PBXBuildFile; fileRef = EC2870EF201E448100702624 /* Layout.swift */; };
		EC2870F2201E44CE00702624 /* Layoutless+UIKit.swift in Sources */ = {isa = PBXBuildFile; fileRef = EC2870F1201E44CE00702624 /* Layoutless+UIKit.swift */; };
		EC2870F4201E455A00702624 /* LayoutNode.swift in Sources */ = {isa = PBXBuildFile; fileRef = EC2870F3201E455A00702624 /* LayoutNode.swift */; };
		ECCF2CE420246CD9008099DD /* Layoutless.swift in Sources */ = {isa = PBXBuildFile; fileRef = ECCF2CE320246CD9008099DD /* Layoutless.swift */; };
		ECCF2CE620246DF0008099DD /* ChildNode.swift in Sources */ = {isa = PBXBuildFile; fileRef = ECCF2CE520246DF0008099DD /* ChildNode.swift */; };
		ECCF2D9D2024C03A008099DD /* Label.swift in Sources */ = {isa = PBXBuildFile; fileRef = ECCF2D8D2024C03A008099DD /* Label.swift */; };
		ECCF2D9E2024C03A008099DD /* ViewController.swift in Sources */ = {isa = PBXBuildFile; fileRef = ECCF2D8E2024C03A008099DD /* ViewController.swift */; };
		ECCF2D9F2024C03A008099DD /* View.swift in Sources */ = {isa = PBXBuildFile; fileRef = ECCF2D8F2024C03A008099DD /* View.swift */; };
		ECCF2DA02024C03A008099DD /* Control.swift in Sources */ = {isa = PBXBuildFile; fileRef = ECCF2D902024C03A008099DD /* Control.swift */; };
		ECCF2DA12024C03A008099DD /* CollectionViewCell.swift in Sources */ = {isa = PBXBuildFile; fileRef = ECCF2D912024C03A008099DD /* CollectionViewCell.swift */; };
		ECCF2DA22024C03A008099DD /* TextField.swift in Sources */ = {isa = PBXBuildFile; fileRef = ECCF2D922024C03A008099DD /* TextField.swift */; };
		ECCF2DA32024C03A008099DD /* ImageView.swift in Sources */ = {isa = PBXBuildFile; fileRef = ECCF2D932024C03A008099DD /* ImageView.swift */; };
		ECCF2DA52024C03A008099DD /* Button.swift in Sources */ = {isa = PBXBuildFile; fileRef = ECCF2D952024C03A008099DD /* Button.swift */; };
		ECCF2DC320251A14008099DD /* Style.swift in Sources */ = {isa = PBXBuildFile; fileRef = ECCF2DC220251A14008099DD /* Style.swift */; };
		ECCF2DC92027014A008099DD /* TableViewCell.swift in Sources */ = {isa = PBXBuildFile; fileRef = ECCF2DC82027014A008099DD /* TableViewCell.swift */; };
		ECCF2E0D20274F0A008099DD /* Layoutless.h in Headers */ = {isa = PBXBuildFile; fileRef = EC2870E0201E437E00702624 /* Layoutless.h */; settings = {ATTRIBUTES = (Public, ); }; };
		ECCF2E0E20274F82008099DD /* Length.swift in Sources */ = {isa = PBXBuildFile; fileRef = EC2870E9201E43C900702624 /* Length.swift */; };
		ECCF2E0F20274F82008099DD /* Anchorable.swift in Sources */ = {isa = PBXBuildFile; fileRef = EC2870EB201E444700702624 /* Anchorable.swift */; };
		ECCF2E1020274F82008099DD /* LayoutNode.swift in Sources */ = {isa = PBXBuildFile; fileRef = EC2870F3201E455A00702624 /* LayoutNode.swift */; };
		ECCF2E1120274F82008099DD /* LayoutProtocol.swift in Sources */ = {isa = PBXBuildFile; fileRef = EC2870ED201E446900702624 /* LayoutProtocol.swift */; };
		ECCF2E1220274F82008099DD /* Layout.swift in Sources */ = {isa = PBXBuildFile; fileRef = EC2870EF201E448100702624 /* Layout.swift */; };
		ECCF2E1320274F82008099DD /* ChildNode.swift in Sources */ = {isa = PBXBuildFile; fileRef = ECCF2CE520246DF0008099DD /* ChildNode.swift */; };
		ECCF2E1420274F82008099DD /* Layoutless.swift in Sources */ = {isa = PBXBuildFile; fileRef = ECCF2CE320246CD9008099DD /* Layoutless.swift */; };
		ECCF2E1520274F82008099DD /* Layoutless+UIKit.swift in Sources */ = {isa = PBXBuildFile; fileRef = EC2870F1201E44CE00702624 /* Layoutless+UIKit.swift */; };
		ECCF2E1620274F88008099DD /* View.swift in Sources */ = {isa = PBXBuildFile; fileRef = ECCF2D8F2024C03A008099DD /* View.swift */; };
		ECCF2E1720274F88008099DD /* Control.swift in Sources */ = {isa = PBXBuildFile; fileRef = ECCF2D902024C03A008099DD /* Control.swift */; };
		ECCF2E1820274F88008099DD /* Label.swift in Sources */ = {isa = PBXBuildFile; fileRef = ECCF2D8D2024C03A008099DD /* Label.swift */; };
		ECCF2E1920274F88008099DD /* Button.swift in Sources */ = {isa = PBXBuildFile; fileRef = ECCF2D952024C03A008099DD /* Button.swift */; };
		ECCF2E1A20274F88008099DD /* TextField.swift in Sources */ = {isa = PBXBuildFile; fileRef = ECCF2D922024C03A008099DD /* TextField.swift */; };
		ECCF2E1B20274F88008099DD /* ImageView.swift in Sources */ = {isa = PBXBuildFile; fileRef = ECCF2D932024C03A008099DD /* ImageView.swift */; };
		ECCF2E1C20274F88008099DD /* TableViewCell.swift in Sources */ = {isa = PBXBuildFile; fileRef = ECCF2DC82027014A008099DD /* TableViewCell.swift */; };
		ECCF2E1D20274F88008099DD /* CollectionViewCell.swift in Sources */ = {isa = PBXBuildFile; fileRef = ECCF2D912024C03A008099DD /* CollectionViewCell.swift */; };
		ECCF2E1E20274F88008099DD /* ViewController.swift in Sources */ = {isa = PBXBuildFile; fileRef = ECCF2D8E2024C03A008099DD /* ViewController.swift */; };
		ECCF2E1F20274F8B008099DD /* Style.swift in Sources */ = {isa = PBXBuildFile; fileRef = ECCF2DC220251A14008099DD /* Style.swift */; };
/* End PBXBuildFile section */

/* Begin PBXFileReference section */
		EC2870DD201E437E00702624 /* Layoutless.framework */ = {isa = PBXFileReference; explicitFileType = wrapper.framework; includeInIndex = 0; path = Layoutless.framework; sourceTree = BUILT_PRODUCTS_DIR; };
		EC2870E0201E437E00702624 /* Layoutless.h */ = {isa = PBXFileReference; lastKnownFileType = sourcecode.c.h; path = Layoutless.h; sourceTree = "<group>"; };
		EC2870E1201E437E00702624 /* Info.plist */ = {isa = PBXFileReference; lastKnownFileType = text.plist.xml; path = Info.plist; sourceTree = "<group>"; };
		EC2870E9201E43C900702624 /* Length.swift */ = {isa = PBXFileReference; lastKnownFileType = sourcecode.swift; path = Length.swift; sourceTree = "<group>"; };
		EC2870EB201E444700702624 /* Anchorable.swift */ = {isa = PBXFileReference; lastKnownFileType = sourcecode.swift; path = Anchorable.swift; sourceTree = "<group>"; };
		EC2870ED201E446900702624 /* LayoutProtocol.swift */ = {isa = PBXFileReference; lastKnownFileType = sourcecode.swift; path = LayoutProtocol.swift; sourceTree = "<group>"; };
		EC2870EF201E448100702624 /* Layout.swift */ = {isa = PBXFileReference; lastKnownFileType = sourcecode.swift; path = Layout.swift; sourceTree = "<group>"; };
		EC2870F1201E44CE00702624 /* Layoutless+UIKit.swift */ = {isa = PBXFileReference; lastKnownFileType = sourcecode.swift; path = "Layoutless+UIKit.swift"; sourceTree = "<group>"; };
		EC2870F3201E455A00702624 /* LayoutNode.swift */ = {isa = PBXFileReference; lastKnownFileType = sourcecode.swift; path = LayoutNode.swift; sourceTree = "<group>"; };
		ECCF2CE320246CD9008099DD /* Layoutless.swift */ = {isa = PBXFileReference; lastKnownFileType = sourcecode.swift; path = Layoutless.swift; sourceTree = "<group>"; };
		ECCF2CE520246DF0008099DD /* ChildNode.swift */ = {isa = PBXFileReference; lastKnownFileType = sourcecode.swift; path = ChildNode.swift; sourceTree = "<group>"; };
		ECCF2D8D2024C03A008099DD /* Label.swift */ = {isa = PBXFileReference; fileEncoding = 4; lastKnownFileType = sourcecode.swift; path = Label.swift; sourceTree = "<group>"; };
		ECCF2D8E2024C03A008099DD /* ViewController.swift */ = {isa = PBXFileReference; fileEncoding = 4; lastKnownFileType = sourcecode.swift; path = ViewController.swift; sourceTree = "<group>"; };
		ECCF2D8F2024C03A008099DD /* View.swift */ = {isa = PBXFileReference; fileEncoding = 4; lastKnownFileType = sourcecode.swift; path = View.swift; sourceTree = "<group>"; };
		ECCF2D902024C03A008099DD /* Control.swift */ = {isa = PBXFileReference; fileEncoding = 4; lastKnownFileType = sourcecode.swift; path = Control.swift; sourceTree = "<group>"; };
		ECCF2D912024C03A008099DD /* CollectionViewCell.swift */ = {isa = PBXFileReference; fileEncoding = 4; lastKnownFileType = sourcecode.swift; path = CollectionViewCell.swift; sourceTree = "<group>"; };
		ECCF2D922024C03A008099DD /* TextField.swift */ = {isa = PBXFileReference; fileEncoding = 4; lastKnownFileType = sourcecode.swift; path = TextField.swift; sourceTree = "<group>"; };
		ECCF2D932024C03A008099DD /* ImageView.swift */ = {isa = PBXFileReference; fileEncoding = 4; lastKnownFileType = sourcecode.swift; path = ImageView.swift; sourceTree = "<group>"; };
		ECCF2D952024C03A008099DD /* Button.swift */ = {isa = PBXFileReference; fileEncoding = 4; lastKnownFileType = sourcecode.swift; path = Button.swift; sourceTree = "<group>"; };
		ECCF2DC220251A14008099DD /* Style.swift */ = {isa = PBXFileReference; lastKnownFileType = sourcecode.swift; path = Style.swift; sourceTree = "<group>"; };
		ECCF2DC82027014A008099DD /* TableViewCell.swift */ = {isa = PBXFileReference; lastKnownFileType = sourcecode.swift; path = TableViewCell.swift; sourceTree = "<group>"; };
		ECCF2DFF20274D8D008099DD /* README.md */ = {isa = PBXFileReference; lastKnownFileType = net.daringfireball.markdown; path = README.md; sourceTree = "<group>"; };
		ECCF2E0520274F03008099DD /* Layoutless.framework */ = {isa = PBXFileReference; explicitFileType = wrapper.framework; includeInIndex = 0; path = Layoutless.framework; sourceTree = BUILT_PRODUCTS_DIR; };
		ECCF2E2020275244008099DD /* Layoutless.podspec */ = {isa = PBXFileReference; lastKnownFileType = text; path = Layoutless.podspec; sourceTree = "<group>"; };
/* End PBXFileReference section */

/* Begin PBXFrameworksBuildPhase section */
		EC2870D9201E437E00702624 /* Frameworks */ = {
			isa = PBXFrameworksBuildPhase;
			buildActionMask = 2147483647;
			files = (
			);
			runOnlyForDeploymentPostprocessing = 0;
		};
		ECCF2E0120274F03008099DD /* Frameworks */ = {
			isa = PBXFrameworksBuildPhase;
			buildActionMask = 2147483647;
			files = (
			);
			runOnlyForDeploymentPostprocessing = 0;
		};
/* End PBXFrameworksBuildPhase section */

/* Begin PBXGroup section */
		EC2870D3201E437E00702624 = {
			isa = PBXGroup;
			children = (
				ECCF2DFE20274D79008099DD /* Meta */,
				EC2870E8201E43B200702624 /* Sources */,
				EC2870DF201E437E00702624 /* Layoutless */,
				EC2870DE201E437E00702624 /* Products */,
			);
			sourceTree = "<group>";
		};
		EC2870DE201E437E00702624 /* Products */ = {
			isa = PBXGroup;
			children = (
				EC2870DD201E437E00702624 /* Layoutless.framework */,
				ECCF2E0520274F03008099DD /* Layoutless.framework */,
			);
			name = Products;
			sourceTree = "<group>";
		};
		EC2870DF201E437E00702624 /* Layoutless */ = {
			isa = PBXGroup;
			children = (
				EC2870E0201E437E00702624 /* Layoutless.h */,
				EC2870E1201E437E00702624 /* Info.plist */,
			);
			path = Layoutless;
			sourceTree = "<group>";
		};
		EC2870E8201E43B200702624 /* Sources */ = {
			isa = PBXGroup;
			children = (
				ECCF2D822024B84B008099DD /* Layout */,
				ECCF2D8A2024C03A008099DD /* Views */,
				ECCF2DC420251A1C008099DD /* Style */,
			);
			path = Sources;
			sourceTree = "<group>";
		};
		ECCF2D822024B84B008099DD /* Layout */ = {
			isa = PBXGroup;
			children = (
				EC2870E9201E43C900702624 /* Length.swift */,
				EC2870EB201E444700702624 /* Anchorable.swift */,
				EC2870F3201E455A00702624 /* LayoutNode.swift */,
				EC2870ED201E446900702624 /* LayoutProtocol.swift */,
				EC2870EF201E448100702624 /* Layout.swift */,
				ECCF2CE520246DF0008099DD /* ChildNode.swift */,
				ECCF2CE320246CD9008099DD /* Layoutless.swift */,
				EC2870F1201E44CE00702624 /* Layoutless+UIKit.swift */,
			);
			path = Layout;
			sourceTree = "<group>";
		};
		ECCF2D8A2024C03A008099DD /* Views */ = {
			isa = PBXGroup;
			children = (
				ECCF2D8F2024C03A008099DD /* View.swift */,
				ECCF2D902024C03A008099DD /* Control.swift */,
				ECCF2D8D2024C03A008099DD /* Label.swift */,
				ECCF2D952024C03A008099DD /* Button.swift */,
				ECCF2D922024C03A008099DD /* TextField.swift */,
				ECCF2D932024C03A008099DD /* ImageView.swift */,
				ECCF2DC82027014A008099DD /* TableViewCell.swift */,
				ECCF2D912024C03A008099DD /* CollectionViewCell.swift */,
				ECCF2D8E2024C03A008099DD /* ViewController.swift */,
			);
			path = Views;
			sourceTree = "<group>";
		};
		ECCF2DC420251A1C008099DD /* Style */ = {
			isa = PBXGroup;
			children = (
				ECCF2DC220251A14008099DD /* Style.swift */,
			);
			path = Style;
			sourceTree = "<group>";
		};
		ECCF2DFE20274D79008099DD /* Meta */ = {
			isa = PBXGroup;
			children = (
				ECCF2DFF20274D8D008099DD /* README.md */,
				ECCF2E2020275244008099DD /* Layoutless.podspec */,
			);
			name = Meta;
			sourceTree = "<group>";
		};
/* End PBXGroup section */

/* Begin PBXHeadersBuildPhase section */
		EC2870DA201E437E00702624 /* Headers */ = {
			isa = PBXHeadersBuildPhase;
			buildActionMask = 2147483647;
			files = (
				EC2870E2201E437E00702624 /* Layoutless.h in Headers */,
			);
			runOnlyForDeploymentPostprocessing = 0;
		};
		ECCF2E0220274F03008099DD /* Headers */ = {
			isa = PBXHeadersBuildPhase;
			buildActionMask = 2147483647;
			files = (
				ECCF2E0D20274F0A008099DD /* Layoutless.h in Headers */,
			);
			runOnlyForDeploymentPostprocessing = 0;
		};
/* End PBXHeadersBuildPhase section */

/* Begin PBXNativeTarget section */
		EC2870DC201E437E00702624 /* Layoutless-iOS */ = {
			isa = PBXNativeTarget;
			buildConfigurationList = EC2870E5201E437E00702624 /* Build configuration list for PBXNativeTarget "Layoutless-iOS" */;
			buildPhases = (
				EC2870D8201E437E00702624 /* Sources */,
				EC2870D9201E437E00702624 /* Frameworks */,
				EC2870DA201E437E00702624 /* Headers */,
				EC2870DB201E437E00702624 /* Resources */,
			);
			buildRules = (
			);
			dependencies = (
			);
			name = "Layoutless-iOS";
			productName = Layoutless;
			productReference = EC2870DD201E437E00702624 /* Layoutless.framework */;
			productType = "com.apple.product-type.framework";
		};
		ECCF2E0420274F03008099DD /* Layoutless-tvOS */ = {
			isa = PBXNativeTarget;
			buildConfigurationList = ECCF2E0A20274F03008099DD /* Build configuration list for PBXNativeTarget "Layoutless-tvOS" */;
			buildPhases = (
				ECCF2E0020274F03008099DD /* Sources */,
				ECCF2E0120274F03008099DD /* Frameworks */,
				ECCF2E0220274F03008099DD /* Headers */,
				ECCF2E0320274F03008099DD /* Resources */,
			);
			buildRules = (
			);
			dependencies = (
			);
			name = "Layoutless-tvOS";
			productName = "Layoutless-tvOS";
			productReference = ECCF2E0520274F03008099DD /* Layoutless.framework */;
			productType = "com.apple.product-type.framework";
		};
/* End PBXNativeTarget section */

/* Begin PBXProject section */
		EC2870D4201E437E00702624 /* Project object */ = {
			isa = PBXProject;
			attributes = {
				LastUpgradeCheck = 0920;
				ORGANIZATIONNAME = "Declarative Hub";
				TargetAttributes = {
					EC2870DC201E437E00702624 = {
						CreatedOnToolsVersion = 9.2;
						LastSwiftMigration = 0920;
						ProvisioningStyle = Automatic;
					};
					ECCF2E0420274F03008099DD = {
						CreatedOnToolsVersion = 9.2;
						ProvisioningStyle = Automatic;
					};
				};
			};
			buildConfigurationList = EC2870D7201E437E00702624 /* Build configuration list for PBXProject "Layoutless" */;
			compatibilityVersion = "Xcode 8.0";
			developmentRegion = en;
			hasScannedForEncodings = 0;
			knownRegions = (
				en,
			);
			mainGroup = EC2870D3201E437E00702624;
			productRefGroup = EC2870DE201E437E00702624 /* Products */;
			projectDirPath = "";
			projectRoot = "";
			targets = (
				EC2870DC201E437E00702624 /* Layoutless-iOS */,
				ECCF2E0420274F03008099DD /* Layoutless-tvOS */,
			);
		};
/* End PBXProject section */

/* Begin PBXResourcesBuildPhase section */
		EC2870DB201E437E00702624 /* Resources */ = {
			isa = PBXResourcesBuildPhase;
			buildActionMask = 2147483647;
			files = (
			);
			runOnlyForDeploymentPostprocessing = 0;
		};
		ECCF2E0320274F03008099DD /* Resources */ = {
			isa = PBXResourcesBuildPhase;
			buildActionMask = 2147483647;
			files = (
			);
			runOnlyForDeploymentPostprocessing = 0;
		};
/* End PBXResourcesBuildPhase section */

/* Begin PBXSourcesBuildPhase section */
		EC2870D8201E437E00702624 /* Sources */ = {
			isa = PBXSourcesBuildPhase;
			buildActionMask = 2147483647;
			files = (
				EC2870F2201E44CE00702624 /* Layoutless+UIKit.swift in Sources */,
				EC2870EE201E446900702624 /* LayoutProtocol.swift in Sources */,
				ECCF2DA22024C03A008099DD /* TextField.swift in Sources */,
				ECCF2DA32024C03A008099DD /* ImageView.swift in Sources */,
				ECCF2D9D2024C03A008099DD /* Label.swift in Sources */,
				EC2870F4201E455A00702624 /* LayoutNode.swift in Sources */,
				ECCF2D9E2024C03A008099DD /* ViewController.swift in Sources */,
				ECCF2DA12024C03A008099DD /* CollectionViewCell.swift in Sources */,
				ECCF2DC92027014A008099DD /* TableViewCell.swift in Sources */,
				EC2870F0201E448100702624 /* Layout.swift in Sources */,
				ECCF2CE620246DF0008099DD /* ChildNode.swift in Sources */,
				ECCF2D9F2024C03A008099DD /* View.swift in Sources */,
				ECCF2DC320251A14008099DD /* Style.swift in Sources */,
				ECCF2DA52024C03A008099DD /* Button.swift in Sources */,
				ECCF2DA02024C03A008099DD /* Control.swift in Sources */,
				EC2870EC201E444700702624 /* Anchorable.swift in Sources */,
				ECCF2CE420246CD9008099DD /* Layoutless.swift in Sources */,
				EC2870EA201E43C900702624 /* Length.swift in Sources */,
			);
			runOnlyForDeploymentPostprocessing = 0;
		};
		ECCF2E0020274F03008099DD /* Sources */ = {
			isa = PBXSourcesBuildPhase;
			buildActionMask = 2147483647;
			files = (
				ECCF2E1C20274F88008099DD /* TableViewCell.swift in Sources */,
				ECCF2E0F20274F82008099DD /* Anchorable.swift in Sources */,
				ECCF2E0E20274F82008099DD /* Length.swift in Sources */,
				ECCF2E1220274F82008099DD /* Layout.swift in Sources */,
				ECCF2E1020274F82008099DD /* LayoutNode.swift in Sources */,
				ECCF2E1820274F88008099DD /* Label.swift in Sources */,
				ECCF2E1A20274F88008099DD /* TextField.swift in Sources */,
				ECCF2E1F20274F8B008099DD /* Style.swift in Sources */,
				ECCF2E1320274F82008099DD /* ChildNode.swift in Sources */,
				ECCF2E1620274F88008099DD /* View.swift in Sources */,
				ECCF2E1E20274F88008099DD /* ViewController.swift in Sources */,
				ECCF2E1920274F88008099DD /* Button.swift in Sources */,
				ECCF2E1D20274F88008099DD /* CollectionViewCell.swift in Sources */,
				ECCF2E1420274F82008099DD /* Layoutless.swift in Sources */,
				ECCF2E1720274F88008099DD /* Control.swift in Sources */,
				ECCF2E1120274F82008099DD /* LayoutProtocol.swift in Sources */,
				ECCF2E1B20274F88008099DD /* ImageView.swift in Sources */,
				ECCF2E1520274F82008099DD /* Layoutless+UIKit.swift in Sources */,
			);
			runOnlyForDeploymentPostprocessing = 0;
		};
/* End PBXSourcesBuildPhase section */

/* Begin XCBuildConfiguration section */
		EC2870E3201E437E00702624 /* Debug */ = {
			isa = XCBuildConfiguration;
			buildSettings = {
				ALWAYS_SEARCH_USER_PATHS = NO;
				CLANG_ANALYZER_NONNULL = YES;
				CLANG_ANALYZER_NUMBER_OBJECT_CONVERSION = YES_AGGRESSIVE;
				CLANG_CXX_LANGUAGE_STANDARD = "gnu++14";
				CLANG_CXX_LIBRARY = "libc++";
				CLANG_ENABLE_MODULES = YES;
				CLANG_ENABLE_OBJC_ARC = YES;
				CLANG_WARN_BLOCK_CAPTURE_AUTORELEASING = YES;
				CLANG_WARN_BOOL_CONVERSION = YES;
				CLANG_WARN_COMMA = YES;
				CLANG_WARN_CONSTANT_CONVERSION = YES;
				CLANG_WARN_DIRECT_OBJC_ISA_USAGE = YES_ERROR;
				CLANG_WARN_DOCUMENTATION_COMMENTS = YES;
				CLANG_WARN_EMPTY_BODY = YES;
				CLANG_WARN_ENUM_CONVERSION = YES;
				CLANG_WARN_INFINITE_RECURSION = YES;
				CLANG_WARN_INT_CONVERSION = YES;
				CLANG_WARN_NON_LITERAL_NULL_CONVERSION = YES;
				CLANG_WARN_OBJC_LITERAL_CONVERSION = YES;
				CLANG_WARN_OBJC_ROOT_CLASS = YES_ERROR;
				CLANG_WARN_RANGE_LOOP_ANALYSIS = YES;
				CLANG_WARN_STRICT_PROTOTYPES = YES;
				CLANG_WARN_SUSPICIOUS_MOVE = YES;
				CLANG_WARN_UNGUARDED_AVAILABILITY = YES_AGGRESSIVE;
				CLANG_WARN_UNREACHABLE_CODE = YES;
				CLANG_WARN__DUPLICATE_METHOD_MATCH = YES;
				CODE_SIGN_IDENTITY = "iPhone Developer";
				COPY_PHASE_STRIP = NO;
				CURRENT_PROJECT_VERSION = 1;
				DEBUG_INFORMATION_FORMAT = dwarf;
				ENABLE_STRICT_OBJC_MSGSEND = YES;
				ENABLE_TESTABILITY = YES;
				GCC_C_LANGUAGE_STANDARD = gnu11;
				GCC_DYNAMIC_NO_PIC = NO;
				GCC_NO_COMMON_BLOCKS = YES;
				GCC_OPTIMIZATION_LEVEL = 0;
				GCC_PREPROCESSOR_DEFINITIONS = (
					"DEBUG=1",
					"$(inherited)",
				);
				GCC_WARN_64_TO_32_BIT_CONVERSION = YES;
				GCC_WARN_ABOUT_RETURN_TYPE = YES_ERROR;
				GCC_WARN_UNDECLARED_SELECTOR = YES;
				GCC_WARN_UNINITIALIZED_AUTOS = YES_AGGRESSIVE;
				GCC_WARN_UNUSED_FUNCTION = YES;
				GCC_WARN_UNUSED_VARIABLE = YES;
				IPHONEOS_DEPLOYMENT_TARGET = 9.3;
				MTL_ENABLE_DEBUG_INFO = YES;
				ONLY_ACTIVE_ARCH = YES;
				SDKROOT = iphoneos;
				SWIFT_ACTIVE_COMPILATION_CONDITIONS = DEBUG;
				SWIFT_OPTIMIZATION_LEVEL = "-Onone";
				VERSIONING_SYSTEM = "apple-generic";
				VERSION_INFO_PREFIX = "";
			};
			name = Debug;
		};
		EC2870E4201E437E00702624 /* Release */ = {
			isa = XCBuildConfiguration;
			buildSettings = {
				ALWAYS_SEARCH_USER_PATHS = NO;
				CLANG_ANALYZER_NONNULL = YES;
				CLANG_ANALYZER_NUMBER_OBJECT_CONVERSION = YES_AGGRESSIVE;
				CLANG_CXX_LANGUAGE_STANDARD = "gnu++14";
				CLANG_CXX_LIBRARY = "libc++";
				CLANG_ENABLE_MODULES = YES;
				CLANG_ENABLE_OBJC_ARC = YES;
				CLANG_WARN_BLOCK_CAPTURE_AUTORELEASING = YES;
				CLANG_WARN_BOOL_CONVERSION = YES;
				CLANG_WARN_COMMA = YES;
				CLANG_WARN_CONSTANT_CONVERSION = YES;
				CLANG_WARN_DIRECT_OBJC_ISA_USAGE = YES_ERROR;
				CLANG_WARN_DOCUMENTATION_COMMENTS = YES;
				CLANG_WARN_EMPTY_BODY = YES;
				CLANG_WARN_ENUM_CONVERSION = YES;
				CLANG_WARN_INFINITE_RECURSION = YES;
				CLANG_WARN_INT_CONVERSION = YES;
				CLANG_WARN_NON_LITERAL_NULL_CONVERSION = YES;
				CLANG_WARN_OBJC_LITERAL_CONVERSION = YES;
				CLANG_WARN_OBJC_ROOT_CLASS = YES_ERROR;
				CLANG_WARN_RANGE_LOOP_ANALYSIS = YES;
				CLANG_WARN_STRICT_PROTOTYPES = YES;
				CLANG_WARN_SUSPICIOUS_MOVE = YES;
				CLANG_WARN_UNGUARDED_AVAILABILITY = YES_AGGRESSIVE;
				CLANG_WARN_UNREACHABLE_CODE = YES;
				CLANG_WARN__DUPLICATE_METHOD_MATCH = YES;
				CODE_SIGN_IDENTITY = "iPhone Developer";
				COPY_PHASE_STRIP = NO;
				CURRENT_PROJECT_VERSION = 1;
				DEBUG_INFORMATION_FORMAT = "dwarf-with-dsym";
				ENABLE_NS_ASSERTIONS = NO;
				ENABLE_STRICT_OBJC_MSGSEND = YES;
				GCC_C_LANGUAGE_STANDARD = gnu11;
				GCC_NO_COMMON_BLOCKS = YES;
				GCC_WARN_64_TO_32_BIT_CONVERSION = YES;
				GCC_WARN_ABOUT_RETURN_TYPE = YES_ERROR;
				GCC_WARN_UNDECLARED_SELECTOR = YES;
				GCC_WARN_UNINITIALIZED_AUTOS = YES_AGGRESSIVE;
				GCC_WARN_UNUSED_FUNCTION = YES;
				GCC_WARN_UNUSED_VARIABLE = YES;
				IPHONEOS_DEPLOYMENT_TARGET = 9.3;
				MTL_ENABLE_DEBUG_INFO = NO;
				SDKROOT = iphoneos;
				SWIFT_OPTIMIZATION_LEVEL = "-Owholemodule";
				VALIDATE_PRODUCT = YES;
				VERSIONING_SYSTEM = "apple-generic";
				VERSION_INFO_PREFIX = "";
			};
			name = Release;
		};
		EC2870E6201E437E00702624 /* Debug */ = {
			isa = XCBuildConfiguration;
			buildSettings = {
				CLANG_ENABLE_MODULES = YES;
				CODE_SIGN_IDENTITY = "";
				CODE_SIGN_STYLE = Automatic;
				DEFINES_MODULE = YES;
				DYLIB_COMPATIBILITY_VERSION = 1;
				DYLIB_CURRENT_VERSION = 1;
				DYLIB_INSTALL_NAME_BASE = "@rpath";
				INFOPLIST_FILE = Layoutless/Info.plist;
				INSTALL_PATH = "$(LOCAL_LIBRARY_DIR)/Frameworks";
				LD_RUNPATH_SEARCH_PATHS = "$(inherited) @executable_path/Frameworks @loader_path/Frameworks";
				PRODUCT_BUNDLE_IDENTIFIER = DeclarativeHub.Layoutless;
				PRODUCT_NAME = Layoutless;
				SKIP_INSTALL = YES;
				SWIFT_OPTIMIZATION_LEVEL = "-Onone";
				SWIFT_VERSION = 4.0;
				TARGETED_DEVICE_FAMILY = "1,2";
			};
			name = Debug;
		};
		EC2870E7201E437E00702624 /* Release */ = {
			isa = XCBuildConfiguration;
			buildSettings = {
				CLANG_ENABLE_MODULES = YES;
				CODE_SIGN_IDENTITY = "";
				CODE_SIGN_STYLE = Automatic;
				DEFINES_MODULE = YES;
				DYLIB_COMPATIBILITY_VERSION = 1;
				DYLIB_CURRENT_VERSION = 1;
				DYLIB_INSTALL_NAME_BASE = "@rpath";
				INFOPLIST_FILE = Layoutless/Info.plist;
				INSTALL_PATH = "$(LOCAL_LIBRARY_DIR)/Frameworks";
				LD_RUNPATH_SEARCH_PATHS = "$(inherited) @executable_path/Frameworks @loader_path/Frameworks";
				PRODUCT_BUNDLE_IDENTIFIER = DeclarativeHub.Layoutless;
				PRODUCT_NAME = Layoutless;
				SKIP_INSTALL = YES;
				SWIFT_VERSION = 4.0;
				TARGETED_DEVICE_FAMILY = "1,2";
			};
			name = Release;
		};
		ECCF2E0B20274F03008099DD /* Debug */ = {
			isa = XCBuildConfiguration;
			buildSettings = {
				CODE_SIGN_IDENTITY = "";
				CODE_SIGN_STYLE = Automatic;
				DEFINES_MODULE = YES;
				DYLIB_COMPATIBILITY_VERSION = 1;
				DYLIB_CURRENT_VERSION = 1;
				DYLIB_INSTALL_NAME_BASE = "@rpath";
				INFOPLIST_FILE = Layoutless/Info.plist;
				INSTALL_PATH = "$(LOCAL_LIBRARY_DIR)/Frameworks";
				LD_RUNPATH_SEARCH_PATHS = "$(inherited) @executable_path/Frameworks @loader_path/Frameworks";
				PRODUCT_BUNDLE_IDENTIFIER = "DeclarativeHub.Layoutless-tvOS";
				PRODUCT_NAME = Layoutless;
				SDKROOT = appletvos;
				SKIP_INSTALL = YES;
				SWIFT_VERSION = 4.0;
				TARGETED_DEVICE_FAMILY = 3;
				TVOS_DEPLOYMENT_TARGET = 11.2;
			};
			name = Debug;
		};
		ECCF2E0C20274F03008099DD /* Release */ = {
			isa = XCBuildConfiguration;
			buildSettings = {
				CODE_SIGN_IDENTITY = "";
				CODE_SIGN_STYLE = Automatic;
				DEFINES_MODULE = YES;
				DYLIB_COMPATIBILITY_VERSION = 1;
				DYLIB_CURRENT_VERSION = 1;
				DYLIB_INSTALL_NAME_BASE = "@rpath";
				INFOPLIST_FILE = Layoutless/Info.plist;
				INSTALL_PATH = "$(LOCAL_LIBRARY_DIR)/Frameworks";
				LD_RUNPATH_SEARCH_PATHS = "$(inherited) @executable_path/Frameworks @loader_path/Frameworks";
				PRODUCT_BUNDLE_IDENTIFIER = "DeclarativeHub.Layoutless-tvOS";
				PRODUCT_NAME = Layoutless;
				SDKROOT = appletvos;
				SKIP_INSTALL = YES;
				SWIFT_VERSION = 4.0;
				TARGETED_DEVICE_FAMILY = 3;
				TVOS_DEPLOYMENT_TARGET = 11.2;
			};
			name = Release;
		};
/* End XCBuildConfiguration section */

/* Begin XCConfigurationList section */
		EC2870D7201E437E00702624 /* Build configuration list for PBXProject "Layoutless" */ = {
			isa = XCConfigurationList;
			buildConfigurations = (
				EC2870E3201E437E00702624 /* Debug */,
				EC2870E4201E437E00702624 /* Release */,
			);
			defaultConfigurationIsVisible = 0;
			defaultConfigurationName = Release;
		};
		EC2870E5201E437E00702624 /* Build configuration list for PBXNativeTarget "Layoutless-iOS" */ = {
			isa = XCConfigurationList;
			buildConfigurations = (
				EC2870E6201E437E00702624 /* Debug */,
				EC2870E7201E437E00702624 /* Release */,
			);
			defaultConfigurationIsVisible = 0;
			defaultConfigurationName = Release;
		};
		ECCF2E0A20274F03008099DD /* Build configuration list for PBXNativeTarget "Layoutless-tvOS" */ = {
			isa = XCConfigurationList;
			buildConfigurations = (
				ECCF2E0B20274F03008099DD /* Debug */,
				ECCF2E0C20274F03008099DD /* Release */,
			);
			defaultConfigurationIsVisible = 0;
			defaultConfigurationName = Release;
		};
/* End XCConfigurationList section */
	};
	rootObject = EC2870D4201E437E00702624 /* Project object */;
}
